<?xml version="1.0" encoding="utf-8"?>
<Project ToolsVersion="4.0" xmlns="http://schemas.microsoft.com/developer/msbuild/2003">
  <ItemGroup>
    <Filter Include="00. MainFrame">
      <UniqueIdentifier>{f59b28a9-f855-4090-a01d-f66b01c5c9da}</UniqueIdentifier>
    </Filter>
    <Filter Include="01. View">
      <UniqueIdentifier>{c386b15c-b2cf-4be3-a250-dae8e6bfc732}</UniqueIdentifier>
    </Filter>
    <Filter Include="02. Document">
      <UniqueIdentifier>{5a334570-12fe-4ef4-95de-8dbacaaa0dc6}</UniqueIdentifier>
    </Filter>
    <Filter Include="03. Scene">
      <UniqueIdentifier>{fd1315a3-2f73-4e11-9abf-02c016a2bdfc}</UniqueIdentifier>
    </Filter>
    <Filter Include="04. Object">
      <UniqueIdentifier>{1aadc0f4-85a0-45f3-a4ea-1fc66aaeced2}</UniqueIdentifier>
    </Filter>
    <Filter Include="09. FileInfo">
      <UniqueIdentifier>{84589f48-f7ba-41f9-b10d-74e885d3b233}</UniqueIdentifier>
    </Filter>
    <Filter Include="99. Default">
      <UniqueIdentifier>{b86421d7-97f6-4c91-ac65-a52e38179b54}</UniqueIdentifier>
    </Filter>
    <Filter Include="01. View\00. View">
      <UniqueIdentifier>{612e9d8f-5e91-4a7b-9a12-3f50005aad25}</UniqueIdentifier>
    </Filter>
    <Filter Include="01. View\02. Terrain">
      <UniqueIdentifier>{17110921-c3e7-4a42-a514-890a7c732ca5}</UniqueIdentifier>
    </Filter>
    <Filter Include="01. View\03. Mesh">
      <UniqueIdentifier>{aad77341-9ab8-4d21-b95f-0e546e15c294}</UniqueIdentifier>
    </Filter>
    <Filter Include="01. View\04. Collider">
      <UniqueIdentifier>{c519828c-d6e1-4690-8c60-63f23d52982b}</UniqueIdentifier>
    </Filter>
    <Filter Include="01. View\01. Tab">
      <UniqueIdentifier>{1dacf96a-c897-40c9-9364-e4896318bce1}</UniqueIdentifier>
    </Filter>
    <Filter Include="04. Object\00. DynamicCamera">
      <UniqueIdentifier>{41826182-58e6-42c4-8f61-8c92a74e5a56}</UniqueIdentifier>
    </Filter>
    <Filter Include="04. Object\01. Terrain">
      <UniqueIdentifier>{9bf004a0-6932-4894-aef3-a2c47fd538be}</UniqueIdentifier>
    </Filter>
    <Filter Include="04. Object\02. Stone">
      <UniqueIdentifier>{e2dc19c6-54d5-47c7-945b-29198575afc6}</UniqueIdentifier>
    </Filter>
    <Filter Include="04. Object\03.Wall">
      <UniqueIdentifier>{b71eb5d9-8efd-49dd-94de-04e36de9724c}</UniqueIdentifier>
    </Filter>
    <Filter Include="04. Object\03.Wall\00. Wall1">
      <UniqueIdentifier>{df4df8e6-9654-465b-a82f-173cbf013a43}</UniqueIdentifier>
    </Filter>
    <Filter Include="04. Object\04. Door">
      <UniqueIdentifier>{02f9a960-0c1c-477d-8d79-2517d7397bfc}</UniqueIdentifier>
    </Filter>
    <Filter Include="04. Object\04. Door\00. LeftDoor">
      <UniqueIdentifier>{eb0d4bb0-8846-4f27-a005-f69040478e68}</UniqueIdentifier>
    </Filter>
    <Filter Include="04. Object\04. Door\01. RightDoor">
      <UniqueIdentifier>{597e3c1d-0a05-4ec8-bbcf-5caeb8aaa149}</UniqueIdentifier>
    </Filter>
  </ItemGroup>
  <ItemGroup>
    <ClInclude Include="MainFrm.h">
      <Filter>00. MainFrame</Filter>
    </ClInclude>
    <ClInclude Include="MapToolMFC.h">
      <Filter>99. Default</Filter>
    </ClInclude>
    <ClInclude Include="MapToolMFCDoc.h">
      <Filter>02. Document</Filter>
    </ClInclude>
    <ClInclude Include="Resource.h">
      <Filter>99. Default</Filter>
    </ClInclude>
    <ClInclude Include="stdafx.h">
      <Filter>99. Default</Filter>
    </ClInclude>
    <ClInclude Include="targetver.h">
      <Filter>99. Default</Filter>
    </ClInclude>
    <ClInclude Include="Tool_Define.h">
      <Filter>99. Default</Filter>
    </ClInclude>
    <ClInclude Include="MapToolMFCView.h">
      <Filter>01. View\00. View</Filter>
    </ClInclude>
    <ClInclude Include="MeshTab.h">
      <Filter>01. View\03. Mesh</Filter>
    </ClInclude>
    <ClInclude Include="TerrainTab.h">
      <Filter>01. View\02. Terrain</Filter>
    </ClInclude>
    <ClInclude Include="ColliderTab.h">
      <Filter>01. View\04. Collider</Filter>
    </ClInclude>
    <ClInclude Include="Tab.h">
      <Filter>01. View\01. Tab</Filter>
    </ClInclude>
    <ClInclude Include="FileInfo.h">
      <Filter>09. FileInfo</Filter>
    </ClInclude>
    <ClInclude Include="Tool_Stage.h">
      <Filter>03. Scene</Filter>
    </ClInclude>
    <ClInclude Include="NaviMeshTab.h" />
    <ClInclude Include="Tool_DynamicCamera.h">
      <Filter>04. Object\00. DynamicCamera</Filter>
    </ClInclude>
    <ClInclude Include="Tool_Terrain.h">
      <Filter>04. Object\01. Terrain</Filter>
    </ClInclude>
    <ClInclude Include="Tool_Stone.h">
      <Filter>04. Object\02. Stone</Filter>
    </ClInclude>
    <ClInclude Include="Tool_Wall1.h">
      <Filter>04. Object\03.Wall\00. Wall1</Filter>
    </ClInclude>
  </ItemGroup>
  <ItemGroup>
    <ClCompile Include="MainFrm.cpp">
      <Filter>00. MainFrame</Filter>
    </ClCompile>
    <ClCompile Include="MapToolMFC.cpp">
      <Filter>99. Default</Filter>
    </ClCompile>
    <ClCompile Include="MapToolMFCDoc.cpp">
      <Filter>02. Document</Filter>
    </ClCompile>
    <ClCompile Include="stdafx.cpp">
      <Filter>99. Default</Filter>
    </ClCompile>
    <ClCompile Include="MapToolMFCView.cpp">
      <Filter>01. View\00. View</Filter>
    </ClCompile>
    <ClCompile Include="MeshTab.cpp">
      <Filter>01. View\03. Mesh</Filter>
    </ClCompile>
    <ClCompile Include="TerrainTab.cpp">
      <Filter>01. View\02. Terrain</Filter>
    </ClCompile>
    <ClCompile Include="ColliderTab.cpp">
      <Filter>01. View\04. Collider</Filter>
    </ClCompile>
    <ClCompile Include="Tab.cpp">
      <Filter>01. View\01. Tab</Filter>
    </ClCompile>
    <ClCompile Include="FileInfo.cpp">
      <Filter>09. FileInfo</Filter>
    </ClCompile>
    <ClCompile Include="Tool_Stage.cpp">
      <Filter>03. Scene</Filter>
    </ClCompile>
    <ClCompile Include="NaviMeshTab.cpp" />
    <ClCompile Include="Tool_DynamicCamera.cpp">
      <Filter>04. Object\00. DynamicCamera</Filter>
    </ClCompile>
    <ClCompile Include="Tool_Terrain.cpp">
      <Filter>04. Object\01. Terrain</Filter>
    </ClCompile>
    <ClCompile Include="Tool_Stone.cpp">
      <Filter>04. Object\02. Stone</Filter>
    </ClCompile>
    <ClCompile Include="Tool_Wall1.cpp">
      <Filter>04. Object\03.Wall\00. Wall1</Filter>
    </ClCompile>
  </ItemGroup>
  <ItemGroup>
    <Image Include="res\MapToolMFC.ico">
      <Filter>99. Default</Filter>
    </Image>
    <Image Include="res\MapToolMFCDoc.ico">
      <Filter>99. Default</Filter>
    </Image>
    <Image Include="res\Toolbar.bmp">
      <Filter>99. Default</Filter>
    </Image>
  </ItemGroup>
  <ItemGroup>
    <ResourceCompile Include="MapToolMFC.rc">
      <Filter>99. Default</Filter>
    </ResourceCompile>
  </ItemGroup>
  <ItemGroup>
    <None Include="res\MapToolMFC.rc2">
      <Filter>99. Default</Filter>
    </None>
  </ItemGroup>
  <ItemGroup>
    <Text Include="ReadMe.txt">
      <Filter>99. Default</Filter>
    </Text>
  </ItemGroup>
</Project>