<?xml version="1.0" encoding="utf-8"?>
<Project ToolsVersion="4.0" xmlns="http://schemas.microsoft.com/developer/msbuild/2003">
  <ItemGroup>
    <Filter Include="소스 파일">
      <UniqueIdentifier>{4FC737F1-C7A5-4376-A066-2A32D752A2FF}</UniqueIdentifier>
      <Extensions>cpp;c;cc;cxx;def;odl;idl;hpj;bat;asm;asmx</Extensions>
    </Filter>
    <Filter Include="리소스 파일">
      <UniqueIdentifier>{67DA6AB6-F800-4c08-8B7A-83BB121AAD01}</UniqueIdentifier>
      <Extensions>rc;ico;cur;bmp;dlg;rc2;rct;bin;rgs;gif;jpg;jpeg;jpe;resx;tiff;tif;png;wav;mfcribbon-ms</Extensions>
    </Filter>
    <Filter Include="00. MainApp">
      <UniqueIdentifier>{5fe1d9ea-debc-4be3-8a34-8b8186257072}</UniqueIdentifier>
    </Filter>
    <Filter Include="98. 헤더 파일">
      <UniqueIdentifier>{93995380-89BD-4b04-88EB-625FBE52EBFB}</UniqueIdentifier>
      <Extensions>h;hh;hpp;hxx;hm;inl;inc;xsd</Extensions>
    </Filter>
    <Filter Include="01. Scene">
      <UniqueIdentifier>{38698c37-b18b-41b2-b50e-9382e132ece6}</UniqueIdentifier>
    </Filter>
    <Filter Include="01. Scene\00. Logo">
      <UniqueIdentifier>{fba647e0-b0ec-40d1-95d5-4181fa4785ab}</UniqueIdentifier>
    </Filter>
    <Filter Include="01. Scene\01. Stage">
      <UniqueIdentifier>{cd37aa50-4a87-488c-a2ef-236962f29de8}</UniqueIdentifier>
    </Filter>
    <Filter Include="02. GameObject">
      <UniqueIdentifier>{95a270bf-7bd6-4a93-8b07-b30056eb72c6}</UniqueIdentifier>
    </Filter>
    <Filter Include="02. GameObject\00. BackGround">
      <UniqueIdentifier>{4808e9a5-4af1-47cf-90ee-151a7b0a4953}</UniqueIdentifier>
    </Filter>
    <Filter Include="02. GameObject\01. Player">
      <UniqueIdentifier>{04c90d36-6229-46c0-8826-a1ade4ac709f}</UniqueIdentifier>
    </Filter>
    <Filter Include="01. Scene\02. Public">
      <UniqueIdentifier>{6962a34b-6628-4616-ac1f-ca8d38805a88}</UniqueIdentifier>
    </Filter>
    <Filter Include="01. Scene\02. Public\Loading">
      <UniqueIdentifier>{1b6e9d90-40c2-4a94-bcb6-f7971569aba4}</UniqueIdentifier>
    </Filter>
    <Filter Include="02. GameObject\03. Terrain">
      <UniqueIdentifier>{ab2dfabd-a026-429b-a764-4d6eccdb85be}</UniqueIdentifier>
    </Filter>
    <Filter Include="02. GameObject\04. DynamicCamera">
      <UniqueIdentifier>{5322141c-d5f8-4d02-9104-03c6aa27d286}</UniqueIdentifier>
    </Filter>
    <Filter Include="02. GameObject\11. StaticObject">
      <UniqueIdentifier>{5b1f754f-3e10-4ca5-a12a-9dbbb00209b9}</UniqueIdentifier>
    </Filter>
    <Filter Include="03. LoadData">
      <UniqueIdentifier>{96d29b06-d1ef-45a3-bb6a-8b388ecb2705}</UniqueIdentifier>
    </Filter>
    <Filter Include="02. GameObject\12. InteractionObject">
      <UniqueIdentifier>{66abefb6-2394-4773-ad6b-582343f85964}</UniqueIdentifier>
    </Filter>
    <Filter Include="02. GameObject\12. InteractionObject\00. InteractionObject">
      <UniqueIdentifier>{35fd4a3b-b868-41e4-9253-86a96aa0bcd1}</UniqueIdentifier>
    </Filter>
    <Filter Include="02. GameObject\12. InteractionObject\01. LeftDoor">
      <UniqueIdentifier>{44f8639b-1f72-4499-b670-f346e78d0410}</UniqueIdentifier>
    </Filter>
    <Filter Include="02. GameObject\12. InteractionObject\02. RightDoor">
      <UniqueIdentifier>{5e4737ba-6f7a-495c-90f4-0371d999052e}</UniqueIdentifier>
    </Filter>
    <Filter Include="02. GameObject\12. InteractionObject\03. Ball">
      <UniqueIdentifier>{f1e3e5bd-b153-4044-a503-a3ba68374031}</UniqueIdentifier>
    </Filter>
    <Filter Include="02. GameObject\12. InteractionObject\04. FloorSwitch">
      <UniqueIdentifier>{51487c92-ddba-4faf-9c3b-1acdc34fa8ee}</UniqueIdentifier>
    </Filter>
    <Filter Include="02. GameObject\12. InteractionObject\05. Conveyor">
      <UniqueIdentifier>{47126408-e54c-4ca8-a388-240bffd793c8}</UniqueIdentifier>
    </Filter>
    <Filter Include="02. GameObject\12. InteractionObject\06. Maze">
      <UniqueIdentifier>{2bc34854-1994-4146-8622-2941dcf4343b}</UniqueIdentifier>
    </Filter>
    <Filter Include="02. GameObject\12. InteractionObject\07. HeavyMetal_Barrel">
      <UniqueIdentifier>{3c515cec-a07c-4629-b6a8-ad40f55a4d23}</UniqueIdentifier>
    </Filter>
    <Filter Include="02. GameObject\12. InteractionObject\08. EmptyObject">
      <UniqueIdentifier>{4a0ed786-57a8-47d5-b93c-3acefcc155b1}</UniqueIdentifier>
    </Filter>
    <Filter Include="02. GameObject\12. InteractionObject\09. GarbageBag">
      <UniqueIdentifier>{d88b532d-dde7-4419-9bd5-572ce8ac5ff7}</UniqueIdentifier>
    </Filter>
    <Filter Include="02. GameObject\12. InteractionObject\10. Jelly">
      <UniqueIdentifier>{9f3dd23b-2431-4310-9542-e081f10a2bbb}</UniqueIdentifier>
    </Filter>
    <Filter Include="02. GameObject\12. InteractionObject\11. Computer">
      <UniqueIdentifier>{5dcc46b6-4d32-4303-b873-ce87eaa61397}</UniqueIdentifier>
    </Filter>
    <Filter Include="02. GameObject\12. InteractionObject\12. OrderTile">
      <UniqueIdentifier>{64cb98f0-6b4a-4d3f-b5b8-0c98b295426e}</UniqueIdentifier>
    </Filter>
    <Filter Include="02. GameObject\12. InteractionObject\12. OrderTile\01. Manager">
      <UniqueIdentifier>{00616a6d-854f-4b17-9bc6-b69ba38df7cf}</UniqueIdentifier>
    </Filter>
    <Filter Include="04. SoundManager">
      <UniqueIdentifier>{fda65013-e6a0-4a54-adcc-f5eb2b1caf25}</UniqueIdentifier>
    </Filter>
    <Filter Include="02. GameObject\01. Player\00. PlayerAim">
      <UniqueIdentifier>{38cbda86-c2fd-474e-929f-022843533925}</UniqueIdentifier>
    </Filter>
    <Filter Include="02. GameObject\01. Player\01. WarpSprite">
      <UniqueIdentifier>{6b5f4ace-d791-4f41-91a2-9de8f4a3801e}</UniqueIdentifier>
    </Filter>
    <Filter Include="01. Scene\03. EndLogo">
      <UniqueIdentifier>{a23d1452-bfaa-4c3e-8d97-fb540fea0e76}</UniqueIdentifier>
    </Filter>
    <Filter Include="02. GameObject\12. InteractionObject\13. EndSpace">
      <UniqueIdentifier>{c05c4dc5-988f-4bf8-9f8e-27b2d4b1ec82}</UniqueIdentifier>
    </Filter>
    <Filter Include="02. GameObject\00. BackGround\00.EndBackGround">
      <UniqueIdentifier>{450f3f30-8f13-47fe-be68-49361d06ac72}</UniqueIdentifier>
    </Filter>
  </ItemGroup>
  <ItemGroup>
    <Text Include="ReadMe.txt" />
  </ItemGroup>
  <ItemGroup>
    <ClInclude Include="stdafx.h">
      <Filter>98. 헤더 파일</Filter>
    </ClInclude>
    <ClInclude Include="targetver.h">
      <Filter>98. 헤더 파일</Filter>
    </ClInclude>
    <ClInclude Include="Resource.h">
      <Filter>98. 헤더 파일</Filter>
    </ClInclude>
    <ClInclude Include="Client.h">
      <Filter>98. 헤더 파일</Filter>
    </ClInclude>
    <ClInclude Include="..\Code\MainApp.h">
      <Filter>00. MainApp</Filter>
    </ClInclude>
    <ClInclude Include="..\Code\Define.h">
      <Filter>98. 헤더 파일</Filter>
    </ClInclude>
    <ClInclude Include="..\Code\Logo.h">
      <Filter>01. Scene\00. Logo</Filter>
    </ClInclude>
    <ClInclude Include="..\Code\BackGround.h">
      <Filter>02. GameObject\00. BackGround</Filter>
    </ClInclude>
    <ClInclude Include="..\Code\Player.h">
      <Filter>02. GameObject\01. Player</Filter>
    </ClInclude>
    <ClInclude Include="..\Code\Stage.h">
      <Filter>01. Scene\01. Stage</Filter>
    </ClInclude>
    <ClInclude Include="..\Code\Loading.h">
      <Filter>01. Scene\02. Public\Loading</Filter>
    </ClInclude>
    <ClInclude Include="..\Code\Terrain.h">
      <Filter>02. GameObject\03. Terrain</Filter>
    </ClInclude>
    <ClInclude Include="..\Code\DynamicCamera.h">
      <Filter>02. GameObject\04. DynamicCamera</Filter>
    </ClInclude>
    <ClInclude Include="..\Code\Static_Object.h">
      <Filter>02. GameObject\11. StaticObject</Filter>
    </ClInclude>
    <ClInclude Include="..\Code\Load_Manager.h">
      <Filter>03. LoadData</Filter>
    </ClInclude>
    <ClInclude Include="..\Code\LeftDoor.h">
      <Filter>02. GameObject\12. InteractionObject\01. LeftDoor</Filter>
    </ClInclude>
    <ClInclude Include="..\Code\InteractionObject.h">
      <Filter>02. GameObject\12. InteractionObject\00. InteractionObject</Filter>
    </ClInclude>
    <ClInclude Include="..\Code\RightDoor.h">
      <Filter>02. GameObject\12. InteractionObject\02. RightDoor</Filter>
    </ClInclude>
    <ClInclude Include="..\Code\Ball.h">
      <Filter>02. GameObject\12. InteractionObject\03. Ball</Filter>
    </ClInclude>
    <ClInclude Include="..\Code\FloorSwitch.h">
      <Filter>02. GameObject\12. InteractionObject\04. FloorSwitch</Filter>
    </ClInclude>
    <ClInclude Include="..\Code\Conveyor.h">
      <Filter>02. GameObject\12. InteractionObject\05. Conveyor</Filter>
    </ClInclude>
    <ClInclude Include="..\Code\Maze.h">
      <Filter>02. GameObject\12. InteractionObject\06. Maze</Filter>
    </ClInclude>
    <ClInclude Include="..\Code\HeavyMetal_Barrel.h">
      <Filter>02. GameObject\12. InteractionObject\07. HeavyMetal_Barrel</Filter>
    </ClInclude>
    <ClInclude Include="..\Code\EmptyObject.h">
      <Filter>02. GameObject\12. InteractionObject\08. EmptyObject</Filter>
    </ClInclude>
    <ClInclude Include="..\Code\GarbageBag.h">
      <Filter>02. GameObject\12. InteractionObject\09. GarbageBag</Filter>
    </ClInclude>
    <ClInclude Include="..\Code\Jelly.h">
      <Filter>02. GameObject\12. InteractionObject\10. Jelly</Filter>
    </ClInclude>
    <ClInclude Include="..\Code\Computer.h">
      <Filter>02. GameObject\12. InteractionObject\11. Computer</Filter>
    </ClInclude>
    <ClInclude Include="..\Code\OrderTile.h">
      <Filter>02. GameObject\12. InteractionObject\12. OrderTile</Filter>
    </ClInclude>
    <ClInclude Include="..\Code\OrderTile_Manager.h">
      <Filter>02. GameObject\12. InteractionObject\12. OrderTile\01. Manager</Filter>
    </ClInclude>
    <ClInclude Include="..\Code\PlayerAim.h">
      <Filter>02. GameObject\01. Player\00. PlayerAim</Filter>
    </ClInclude>
    <ClInclude Include="..\Code\SoundMgr.h">
      <Filter>04. SoundManager</Filter>
    </ClInclude>
    <ClInclude Include="..\Code\WrapSprite.h">
      <Filter>02. GameObject\01. Player\01. WarpSprite</Filter>
    </ClInclude>
    <ClInclude Include="..\Code\EndLogo.h">
      <Filter>01. Scene\03. EndLogo</Filter>
    </ClInclude>
    <ClInclude Include="..\Code\EndSpace.h">
      <Filter>02. GameObject\12. InteractionObject\13. EndSpace</Filter>
    </ClInclude>
    <ClInclude Include="..\Code\EndBackGround.h">
      <Filter>02. GameObject\00. BackGround\00.EndBackGround</Filter>
    </ClInclude>
  </ItemGroup>
  <ItemGroup>
    <ClCompile Include="stdafx.cpp">
      <Filter>소스 파일</Filter>
    </ClCompile>
    <ClCompile Include="Client.cpp">
      <Filter>소스 파일</Filter>
    </ClCompile>
    <ClCompile Include="..\Code\MainApp.cpp">
      <Filter>00. MainApp</Filter>
    </ClCompile>
    <ClCompile Include="..\Code\Logo.cpp">
      <Filter>01. Scene\00. Logo</Filter>
    </ClCompile>
    <ClCompile Include="..\Code\BackGround.cpp">
      <Filter>02. GameObject\00. BackGround</Filter>
    </ClCompile>
    <ClCompile Include="..\Code\Player.cpp">
      <Filter>02. GameObject\01. Player</Filter>
    </ClCompile>
    <ClCompile Include="..\Code\Stage.cpp">
      <Filter>01. Scene\01. Stage</Filter>
    </ClCompile>
    <ClCompile Include="..\Code\Loading.cpp">
      <Filter>01. Scene\02. Public\Loading</Filter>
    </ClCompile>
    <ClCompile Include="..\Code\Terrain.cpp">
      <Filter>02. GameObject\03. Terrain</Filter>
    </ClCompile>
    <ClCompile Include="..\Code\DynamicCamera.cpp">
      <Filter>02. GameObject\04. DynamicCamera</Filter>
    </ClCompile>
    <ClCompile Include="..\Code\Static_Object.cpp">
      <Filter>02. GameObject\11. StaticObject</Filter>
    </ClCompile>
    <ClCompile Include="..\Code\Load_Manager.cpp">
      <Filter>03. LoadData</Filter>
    </ClCompile>
    <ClCompile Include="..\Code\LeftDoor.cpp">
      <Filter>02. GameObject\12. InteractionObject\01. LeftDoor</Filter>
    </ClCompile>
    <ClCompile Include="..\Code\InteractionObject.cpp">
      <Filter>02. GameObject\12. InteractionObject\00. InteractionObject</Filter>
    </ClCompile>
    <ClCompile Include="..\Code\RightDoor.cpp">
      <Filter>02. GameObject\12. InteractionObject\02. RightDoor</Filter>
    </ClCompile>
    <ClCompile Include="..\Code\Ball.cpp">
      <Filter>02. GameObject\12. InteractionObject\03. Ball</Filter>
    </ClCompile>
    <ClCompile Include="..\Code\FloorSwitch.cpp">
      <Filter>02. GameObject\12. InteractionObject\04. FloorSwitch</Filter>
    </ClCompile>
    <ClCompile Include="..\Code\Conveyor.cpp">
      <Filter>02. GameObject\12. InteractionObject\05. Conveyor</Filter>
    </ClCompile>
    <ClCompile Include="..\Code\Maze.cpp">
      <Filter>02. GameObject\12. InteractionObject\06. Maze</Filter>
    </ClCompile>
    <ClCompile Include="..\Code\HeavyMetal_Barrel.cpp">
      <Filter>02. GameObject\12. InteractionObject\07. HeavyMetal_Barrel</Filter>
    </ClCompile>
    <ClCompile Include="..\Code\EmptyObject.cpp">
      <Filter>02. GameObject\12. InteractionObject\08. EmptyObject</Filter>
    </ClCompile>
    <ClCompile Include="..\Code\GarbageBag.cpp">
      <Filter>02. GameObject\12. InteractionObject\09. GarbageBag</Filter>
    </ClCompile>
    <ClCompile Include="..\Code\Jelly.cpp">
      <Filter>02. GameObject\12. InteractionObject\10. Jelly</Filter>
    </ClCompile>
    <ClCompile Include="..\Code\Computer.cpp">
      <Filter>02. GameObject\12. InteractionObject\11. Computer</Filter>
    </ClCompile>
    <ClCompile Include="..\Code\OrderTile.cpp">
      <Filter>02. GameObject\12. InteractionObject\12. OrderTile</Filter>
    </ClCompile>
    <ClCompile Include="..\Code\OrderTile_Manager.cpp">
      <Filter>02. GameObject\12. InteractionObject\12. OrderTile\01. Manager</Filter>
    </ClCompile>
    <ClCompile Include="..\Code\PlayerAim.cpp">
      <Filter>02. GameObject\01. Player\00. PlayerAim</Filter>
    </ClCompile>
    <ClCompile Include="..\Code\SoundMgr.cpp">
      <Filter>04. SoundManager</Filter>
    </ClCompile>
    <ClCompile Include="..\Code\WrapSprite.cpp">
      <Filter>02. GameObject\01. Player\01. WarpSprite</Filter>
    </ClCompile>
    <ClCompile Include="..\Code\EndLogo.cpp">
      <Filter>01. Scene\03. EndLogo</Filter>
    </ClCompile>
    <ClCompile Include="..\Code\EndSpace.cpp">
      <Filter>02. GameObject\12. InteractionObject\13. EndSpace</Filter>
    </ClCompile>
    <ClCompile Include="..\Code\EndBackGround.cpp">
      <Filter>02. GameObject\00. BackGround\00.EndBackGround</Filter>
    </ClCompile>
  </ItemGroup>
  <ItemGroup>
    <ResourceCompile Include="Client.rc">
      <Filter>리소스 파일</Filter>
    </ResourceCompile>
  </ItemGroup>
  <ItemGroup>
    <Image Include="small.ico">
      <Filter>리소스 파일</Filter>
    </Image>
    <Image Include="Client.ico">
      <Filter>리소스 파일</Filter>
    </Image>
  </ItemGroup>
</Project>